// !$*UTF8*$!
{
	archiveVersion = 1;
	classes = {
	};
	objectVersion = 48;
	objects = {

/* Begin PBXBuildFile section */
		095B28C21FCD118E0098E55F /* AppDelegate.swift in Sources */ = {isa = PBXBuildFile; fileRef = 095B28C11FCD118E0098E55F /* AppDelegate.swift */; };
		095B28C41FCD118E0098E55F /* ViewController.swift in Sources */ = {isa = PBXBuildFile; fileRef = 095B28C31FCD118E0098E55F /* ViewController.swift */; };
		095B28C71FCD118E0098E55F /* Main.storyboard in Resources */ = {isa = PBXBuildFile; fileRef = 095B28C51FCD118E0098E55F /* Main.storyboard */; };
		095B28C91FCD118E0098E55F /* Assets.xcassets in Resources */ = {isa = PBXBuildFile; fileRef = 095B28C81FCD118E0098E55F /* Assets.xcassets */; };
		095B28CC1FCD118E0098E55F /* LaunchScreen.storyboard in Resources */ = {isa = PBXBuildFile; fileRef = 095B28CA1FCD118E0098E55F /* LaunchScreen.storyboard */; };
		095B28D71FCD118E0098E55F /* NewsTests.swift in Sources */ = {isa = PBXBuildFile; fileRef = 095B28D61FCD118E0098E55F /* NewsTests.swift */; };
		095B28E21FCD118E0098E55F /* NewsUITests.swift in Sources */ = {isa = PBXBuildFile; fileRef = 095B28E11FCD118E0098E55F /* NewsUITests.swift */; };
/* End PBXBuildFile section */

/* Begin PBXContainerItemProxy section */
		095B28D31FCD118E0098E55F /* PBXContainerItemProxy */ = {
			isa = PBXContainerItemProxy;
			containerPortal = 095B28B61FCD118E0098E55F /* Project object */;
			proxyType = 1;
			remoteGlobalIDString = 095B28BD1FCD118E0098E55F;
			remoteInfo = News;
		};
		095B28DE1FCD118E0098E55F /* PBXContainerItemProxy */ = {
			isa = PBXContainerItemProxy;
			containerPortal = 095B28B61FCD118E0098E55F /* Project object */;
			proxyType = 1;
			remoteGlobalIDString = 095B28BD1FCD118E0098E55F;
			remoteInfo = News;
		};
/* End PBXContainerItemProxy section */

/* Begin PBXFileReference section */
		095B28BE1FCD118E0098E55F /* News.app */ = {isa = PBXFileReference; explicitFileType = wrapper.application; includeInIndex = 0; path = News.app; sourceTree = BUILT_PRODUCTS_DIR; };
		095B28C11FCD118E0098E55F /* AppDelegate.swift */ = {isa = PBXFileReference; lastKnownFileType = sourcecode.swift; path = AppDelegate.swift; sourceTree = "<group>"; };
		095B28C31FCD118E0098E55F /* ViewController.swift */ = {isa = PBXFileReference; lastKnownFileType = sourcecode.swift; path = ViewController.swift; sourceTree = "<group>"; };
		095B28C61FCD118E0098E55F /* Base */ = {isa = PBXFileReference; lastKnownFileType = file.storyboard; name = Base; path = Base.lproj/Main.storyboard; sourceTree = "<group>"; };
		095B28C81FCD118E0098E55F /* Assets.xcassets */ = {isa = PBXFileReference; lastKnownFileType = folder.assetcatalog; path = Assets.xcassets; sourceTree = "<group>"; };
		095B28CB1FCD118E0098E55F /* Base */ = {isa = PBXFileReference; lastKnownFileType = file.storyboard; name = Base; path = Base.lproj/LaunchScreen.storyboard; sourceTree = "<group>"; };
		095B28CD1FCD118E0098E55F /* Info.plist */ = {isa = PBXFileReference; lastKnownFileType = text.plist.xml; path = Info.plist; sourceTree = "<group>"; };
		095B28D21FCD118E0098E55F /* NewsTests.xctest */ = {isa = PBXFileReference; explicitFileType = wrapper.cfbundle; includeInIndex = 0; path = NewsTests.xctest; sourceTree = BUILT_PRODUCTS_DIR; };
		095B28D61FCD118E0098E55F /* NewsTests.swift */ = {isa = PBXFileReference; lastKnownFileType = sourcecode.swift; path = NewsTests.swift; sourceTree = "<group>"; };
		095B28D81FCD118E0098E55F /* Info.plist */ = {isa = PBXFileReference; lastKnownFileType = text.plist.xml; path = Info.plist; sourceTree = "<group>"; };
		095B28DD1FCD118E0098E55F /* NewsUITests.xctest */ = {isa = PBXFileReference; explicitFileType = wrapper.cfbundle; includeInIndex = 0; path = NewsUITests.xctest; sourceTree = BUILT_PRODUCTS_DIR; };
		095B28E11FCD118E0098E55F /* NewsUITests.swift */ = {isa = PBXFileReference; lastKnownFileType = sourcecode.swift; path = NewsUITests.swift; sourceTree = "<group>"; };
		095B28E31FCD118E0098E55F /* Info.plist */ = {isa = PBXFileReference; lastKnownFileType = text.plist.xml; path = Info.plist; sourceTree = "<group>"; };
/* End PBXFileReference section */

/* Begin PBXFrameworksBuildPhase section */
		095B28BB1FCD118E0098E55F /* Frameworks */ = {
			isa = PBXFrameworksBuildPhase;
			buildActionMask = 2147483647;
			files = (
			);
			runOnlyForDeploymentPostprocessing = 0;
		};
		095B28CF1FCD118E0098E55F /* Frameworks */ = {
			isa = PBXFrameworksBuildPhase;
			buildActionMask = 2147483647;
			files = (
			);
			runOnlyForDeploymentPostprocessing = 0;
		};
		095B28DA1FCD118E0098E55F /* Frameworks */ = {
			isa = PBXFrameworksBuildPhase;
			buildActionMask = 2147483647;
			files = (
			);
			runOnlyForDeploymentPostprocessing = 0;
		};
/* End PBXFrameworksBuildPhase section */

/* Begin PBXGroup section */
		095B28B51FCD118E0098E55F = {
			isa = PBXGroup;
			children = (
				095B28C01FCD118E0098E55F /* News */,
			);
			sourceTree = "<group>";
		};
		095B28BF1FCD118E0098E55F /* Products */ = {
			isa = PBXGroup;
			children = (
				095B28BE1FCD118E0098E55F /* News.app */,
				095B28D21FCD118E0098E55F /* NewsTests.xctest */,
				095B28DD1FCD118E0098E55F /* NewsUITests.xctest */,
			);
			name = Products;
			path = ..;
			sourceTree = "<group>";
		};
		095B28C01FCD118E0098E55F /* News */ = {
			isa = PBXGroup;
			children = (
				095B28F21FCD12660098E55F /* Support */,
				095B28F11FCD125C0098E55F /* Model */,
				095B28F01FCD12560098E55F /* View */,
				095B28EF1FCD124A0098E55F /* Controller */,
				095B28D51FCD118E0098E55F /* NewsTests */,
				095B28E01FCD118E0098E55F /* NewsUITests */,
				095B28BF1FCD118E0098E55F /* Products */,
				095B28C81FCD118E0098E55F /* Assets.xcassets */,
				095B28CD1FCD118E0098E55F /* Info.plist */,
			);
			path = News;
			sourceTree = "<group>";
		};
		095B28D51FCD118E0098E55F /* NewsTests */ = {
			isa = PBXGroup;
			children = (
				095B28D61FCD118E0098E55F /* NewsTests.swift */,
				095B28D81FCD118E0098E55F /* Info.plist */,
			);
			path = NewsTests;
			sourceTree = "<group>";
		};
		095B28E01FCD118E0098E55F /* NewsUITests */ = {
			isa = PBXGroup;
			children = (
				095B28E11FCD118E0098E55F /* NewsUITests.swift */,
				095B28E31FCD118E0098E55F /* Info.plist */,
			);
			path = NewsUITests;
			sourceTree = "<group>";
		};
		095B28EF1FCD124A0098E55F /* Controller */ = {
			isa = PBXGroup;
			children = (
				095B28C31FCD118E0098E55F /* ViewController.swift */,
			);
			path = Controller;
			sourceTree = "<group>";
		};
		095B28F01FCD12560098E55F /* View */ = {
			isa = PBXGroup;
			children = (
				095B28C51FCD118E0098E55F /* Main.storyboard */,
				095B28CA1FCD118E0098E55F /* LaunchScreen.storyboard */,
			);
			path = View;
			sourceTree = "<group>";
		};
		095B28F11FCD125C0098E55F /* Model */ = {
			isa = PBXGroup;
			children = (
			);
			path = Model;
			sourceTree = "<group>";
		};
		095B28F21FCD12660098E55F /* Support */ = {
			isa = PBXGroup;
			children = (
				095B28C11FCD118E0098E55F /* AppDelegate.swift */,
			);
			path = Support;
			sourceTree = "<group>";
		};
/* End PBXGroup section */

/* Begin PBXNativeTarget section */
		095B28BD1FCD118E0098E55F /* News */ = {
			isa = PBXNativeTarget;
			buildConfigurationList = 095B28E61FCD118E0098E55F /* Build configuration list for PBXNativeTarget "News" */;
			buildPhases = (
				095B28BA1FCD118E0098E55F /* Sources */,
				095B28BB1FCD118E0098E55F /* Frameworks */,
				095B28BC1FCD118E0098E55F /* Resources */,
			);
			buildRules = (
			);
			dependencies = (
			);
			name = News;
			productName = News;
			productReference = 095B28BE1FCD118E0098E55F /* News.app */;
			productType = "com.apple.product-type.application";
		};
		095B28D11FCD118E0098E55F /* NewsTests */ = {
			isa = PBXNativeTarget;
			buildConfigurationList = 095B28E91FCD118E0098E55F /* Build configuration list for PBXNativeTarget "NewsTests" */;
			buildPhases = (
				095B28CE1FCD118E0098E55F /* Sources */,
				095B28CF1FCD118E0098E55F /* Frameworks */,
				095B28D01FCD118E0098E55F /* Resources */,
			);
			buildRules = (
			);
			dependencies = (
				095B28D41FCD118E0098E55F /* PBXTargetDependency */,
			);
			name = NewsTests;
			productName = NewsTests;
			productReference = 095B28D21FCD118E0098E55F /* NewsTests.xctest */;
			productType = "com.apple.product-type.bundle.unit-test";
		};
		095B28DC1FCD118E0098E55F /* NewsUITests */ = {
			isa = PBXNativeTarget;
			buildConfigurationList = 095B28EC1FCD118E0098E55F /* Build configuration list for PBXNativeTarget "NewsUITests" */;
			buildPhases = (
				095B28D91FCD118E0098E55F /* Sources */,
				095B28DA1FCD118E0098E55F /* Frameworks */,
				095B28DB1FCD118E0098E55F /* Resources */,
			);
			buildRules = (
			);
			dependencies = (
				095B28DF1FCD118E0098E55F /* PBXTargetDependency */,
			);
			name = NewsUITests;
			productName = NewsUITests;
			productReference = 095B28DD1FCD118E0098E55F /* NewsUITests.xctest */;
			productType = "com.apple.product-type.bundle.ui-testing";
		};
/* End PBXNativeTarget section */

/* Begin PBXProject section */
		095B28B61FCD118E0098E55F /* Project object */ = {
			isa = PBXProject;
			attributes = {
				LastSwiftUpdateCheck = 0910;
				LastUpgradeCheck = 0910;
				ORGANIZATIONNAME = wyh;
				TargetAttributes = {
					095B28BD1FCD118E0098E55F = {
						CreatedOnToolsVersion = 9.1;
						ProvisioningStyle = Automatic;
					};
					095B28D11FCD118E0098E55F = {
						CreatedOnToolsVersion = 9.1;
						ProvisioningStyle = Automatic;
						TestTargetID = 095B28BD1FCD118E0098E55F;
					};
					095B28DC1FCD118E0098E55F = {
						CreatedOnToolsVersion = 9.1;
						ProvisioningStyle = Automatic;
						TestTargetID = 095B28BD1FCD118E0098E55F;
					};
				};
			};
			buildConfigurationList = 095B28B91FCD118E0098E55F /* Build configuration list for PBXProject "News" */;
			compatibilityVersion = "Xcode 8.0";
			developmentRegion = en;
			hasScannedForEncodings = 0;
			knownRegions = (
				en,
				Base,
			);
			mainGroup = 095B28B51FCD118E0098E55F;
			productRefGroup = 095B28BF1FCD118E0098E55F /* Products */;
			projectDirPath = "";
			projectRoot = "";
			targets = (
				095B28BD1FCD118E0098E55F /* News */,
				095B28D11FCD118E0098E55F /* NewsTests */,
				095B28DC1FCD118E0098E55F /* NewsUITests */,
			);
		};
/* End PBXProject section */

/* Begin PBXResourcesBuildPhase section */
		095B28BC1FCD118E0098E55F /* Resources */ = {
			isa = PBXResourcesBuildPhase;
			buildActionMask = 2147483647;
			files = (
				095B28CC1FCD118E0098E55F /* LaunchScreen.storyboard in Resources */,
				095B28C91FCD118E0098E55F /* Assets.xcassets in Resources */,
				095B28C71FCD118E0098E55F /* Main.storyboard in Resources */,
			);
			runOnlyForDeploymentPostprocessing = 0;
		};
		095B28D01FCD118E0098E55F /* Resources */ = {
			isa = PBXResourcesBuildPhase;
			buildActionMask = 2147483647;
			files = (
			);
			runOnlyForDeploymentPostprocessing = 0;
		};
		095B28DB1FCD118E0098E55F /* Resources */ = {
			isa = PBXResourcesBuildPhase;
			buildActionMask = 2147483647;
			files = (
			);
			runOnlyForDeploymentPostprocessing = 0;
		};
/* End PBXResourcesBuildPhase section */

/* Begin PBXSourcesBuildPhase section */
		095B28BA1FCD118E0098E55F /* Sources */ = {
			isa = PBXSourcesBuildPhase;
			buildActionMask = 2147483647;
			files = (
				095B28C41FCD118E0098E55F /* ViewController.swift in Sources */,
				095B28C21FCD118E0098E55F /* AppDelegate.swift in Sources */,
			);
			runOnlyForDeploymentPostprocessing = 0;
		};
		095B28CE1FCD118E0098E55F /* Sources */ = {
			isa = PBXSourcesBuildPhase;
			buildActionMask = 2147483647;
			files = (
				095B28D71FCD118E0098E55F /* NewsTests.swift in Sources */,
			);
			runOnlyForDeploymentPostprocessing = 0;
		};
		095B28D91FCD118E0098E55F /* Sources */ = {
			isa = PBXSourcesBuildPhase;
			buildActionMask = 2147483647;
			files = (
				095B28E21FCD118E0098E55F /* NewsUITests.swift in Sources */,
			);
			runOnlyForDeploymentPostprocessing = 0;
		};
/* End PBXSourcesBuildPhase section */

/* Begin PBXTargetDependency section */
		095B28D41FCD118E0098E55F /* PBXTargetDependency */ = {
			isa = PBXTargetDependency;
			target = 095B28BD1FCD118E0098E55F /* News */;
			targetProxy = 095B28D31FCD118E0098E55F /* PBXContainerItemProxy */;
		};
		095B28DF1FCD118E0098E55F /* PBXTargetDependency */ = {
			isa = PBXTargetDependency;
			target = 095B28BD1FCD118E0098E55F /* News */;
			targetProxy = 095B28DE1FCD118E0098E55F /* PBXContainerItemProxy */;
		};
/* End PBXTargetDependency section */

/* Begin PBXVariantGroup section */
		095B28C51FCD118E0098E55F /* Main.storyboard */ = {
			isa = PBXVariantGroup;
			children = (
				095B28C61FCD118E0098E55F /* Base */,
			);
			name = Main.storyboard;
			sourceTree = "<group>";
		};
		095B28CA1FCD118E0098E55F /* LaunchScreen.storyboard */ = {
			isa = PBXVariantGroup;
			children = (
				095B28CB1FCD118E0098E55F /* Base */,
			);
			name = LaunchScreen.storyboard;
			sourceTree = "<group>";
		};
/* End PBXVariantGroup section */

/* Begin XCBuildConfiguration section */
		095B28E41FCD118E0098E55F /* Debug */ = {
			isa = XCBuildConfiguration;
			buildSettings = {
				ALWAYS_SEARCH_USER_PATHS = NO;
				CLANG_ANALYZER_NONNULL = YES;
				CLANG_ANALYZER_NUMBER_OBJECT_CONVERSION = YES_AGGRESSIVE;
				CLANG_CXX_LANGUAGE_STANDARD = "gnu++14";
				CLANG_CXX_LIBRARY = "libc++";
				CLANG_ENABLE_MODULES = YES;
				CLANG_ENABLE_OBJC_ARC = YES;
				CLANG_WARN_BLOCK_CAPTURE_AUTORELEASING = YES;
				CLANG_WARN_BOOL_CONVERSION = YES;
				CLANG_WARN_COMMA = YES;
				CLANG_WARN_CONSTANT_CONVERSION = YES;
				CLANG_WARN_DIRECT_OBJC_ISA_USAGE = YES_ERROR;
				CLANG_WARN_DOCUMENTATION_COMMENTS = YES;
				CLANG_WARN_EMPTY_BODY = YES;
				CLANG_WARN_ENUM_CONVERSION = YES;
				CLANG_WARN_INFINITE_RECURSION = YES;
				CLANG_WARN_INT_CONVERSION = YES;
				CLANG_WARN_NON_LITERAL_NULL_CONVERSION = YES;
				CLANG_WARN_OBJC_LITERAL_CONVERSION = YES;
				CLANG_WARN_OBJC_ROOT_CLASS = YES_ERROR;
				CLANG_WARN_RANGE_LOOP_ANALYSIS = YES;
				CLANG_WARN_STRICT_PROTOTYPES = YES;
				CLANG_WARN_SUSPICIOUS_MOVE = YES;
				CLANG_WARN_UNGUARDED_AVAILABILITY = YES_AGGRESSIVE;
				CLANG_WARN_UNREACHABLE_CODE = YES;
				CLANG_WARN__DUPLICATE_METHOD_MATCH = YES;
				CODE_SIGN_IDENTITY = "iPhone Developer";
				COPY_PHASE_STRIP = NO;
				DEBUG_INFORMATION_FORMAT = dwarf;
				ENABLE_STRICT_OBJC_MSGSEND = YES;
				ENABLE_TESTABILITY = YES;
				GCC_C_LANGUAGE_STANDARD = gnu11;
				GCC_DYNAMIC_NO_PIC = NO;
				GCC_NO_COMMON_BLOCKS = YES;
				GCC_OPTIMIZATION_LEVEL = 0;
				GCC_PREPROCESSOR_DEFINITIONS = (
					"DEBUG=1",
					"$(inherited)",
				);
				GCC_WARN_64_TO_32_BIT_CONVERSION = YES;
				GCC_WARN_ABOUT_RETURN_TYPE = YES_ERROR;
				GCC_WARN_UNDECLARED_SELECTOR = YES;
				GCC_WARN_UNINITIALIZED_AUTOS = YES_AGGRESSIVE;
				GCC_WARN_UNUSED_FUNCTION = YES;
				GCC_WARN_UNUSED_VARIABLE = YES;
				IPHONEOS_DEPLOYMENT_TARGET = 11.1;
				MTL_ENABLE_DEBUG_INFO = YES;
				ONLY_ACTIVE_ARCH = YES;
				SDKROOT = iphoneos;
				SWIFT_ACTIVE_COMPILATION_CONDITIONS = DEBUG;
				SWIFT_OPTIMIZATION_LEVEL = "-Onone";
			};
			name = Debug;
		};
		095B28E51FCD118E0098E55F /* Release */ = {
			isa = XCBuildConfiguration;
			buildSettings = {
				ALWAYS_SEARCH_USER_PATHS = NO;
				CLANG_ANALYZER_NONNULL = YES;
				CLANG_ANALYZER_NUMBER_OBJECT_CONVERSION = YES_AGGRESSIVE;
				CLANG_CXX_LANGUAGE_STANDARD = "gnu++14";
				CLANG_CXX_LIBRARY = "libc++";
				CLANG_ENABLE_MODULES = YES;
				CLANG_ENABLE_OBJC_ARC = YES;
				CLANG_WARN_BLOCK_CAPTURE_AUTORELEASING = YES;
				CLANG_WARN_BOOL_CONVERSION = YES;
				CLANG_WARN_COMMA = YES;
				CLANG_WARN_CONSTANT_CONVERSION = YES;
				CLANG_WARN_DIRECT_OBJC_ISA_USAGE = YES_ERROR;
				CLANG_WARN_DOCUMENTATION_COMMENTS = YES;
				CLANG_WARN_EMPTY_BODY = YES;
				CLANG_WARN_ENUM_CONVERSION = YES;
				CLANG_WARN_INFINITE_RECURSION = YES;
				CLANG_WARN_INT_CONVERSION = YES;
				CLANG_WARN_NON_LITERAL_NULL_CONVERSION = YES;
				CLANG_WARN_OBJC_LITERAL_CONVERSION = YES;
				CLANG_WARN_OBJC_ROOT_CLASS = YES_ERROR;
				CLANG_WARN_RANGE_LOOP_ANALYSIS = YES;
				CLANG_WARN_STRICT_PROTOTYPES = YES;
				CLANG_WARN_SUSPICIOUS_MOVE = YES;
				CLANG_WARN_UNGUARDED_AVAILABILITY = YES_AGGRESSIVE;
				CLANG_WARN_UNREACHABLE_CODE = YES;
				CLANG_WARN__DUPLICATE_METHOD_MATCH = YES;
				CODE_SIGN_IDENTITY = "iPhone Developer";
				COPY_PHASE_STRIP = NO;
				DEBUG_INFORMATION_FORMAT = "dwarf-with-dsym";
				ENABLE_NS_ASSERTIONS = NO;
				ENABLE_STRICT_OBJC_MSGSEND = YES;
				GCC_C_LANGUAGE_STANDARD = gnu11;
				GCC_NO_COMMON_BLOCKS = YES;
				GCC_WARN_64_TO_32_BIT_CONVERSION = YES;
				GCC_WARN_ABOUT_RETURN_TYPE = YES_ERROR;
				GCC_WARN_UNDECLARED_SELECTOR = YES;
				GCC_WARN_UNINITIALIZED_AUTOS = YES_AGGRESSIVE;
				GCC_WARN_UNUSED_FUNCTION = YES;
				GCC_WARN_UNUSED_VARIABLE = YES;
				IPHONEOS_DEPLOYMENT_TARGET = 11.1;
				MTL_ENABLE_DEBUG_INFO = NO;
				SDKROOT = iphoneos;
				SWIFT_OPTIMIZATION_LEVEL = "-Owholemodule";
				VALIDATE_PRODUCT = YES;
			};
			name = Release;
		};
		095B28E71FCD118E0098E55F /* Debug */ = {
			isa = XCBuildConfiguration;
			buildSettings = {
				ASSETCATALOG_COMPILER_APPICON_NAME = AppIcon;
				CODE_SIGN_STYLE = Automatic;
				DEVELOPMENT_TEAM = A33J354KUK;
				INFOPLIST_FILE = News/Info.plist;
				LD_RUNPATH_SEARCH_PATHS = "$(inherited) @executable_path/Frameworks";
				PRODUCT_BUNDLE_IDENTIFIER = apple.NewsLilithh;
				PRODUCT_NAME = "$(TARGET_NAME)";
				SWIFT_VERSION = 4.0;
				TARGETED_DEVICE_FAMILY = "1,2";
			};
			name = Debug;
		};
		095B28E81FCD118E0098E55F /* Release */ = {
			isa = XCBuildConfiguration;
			buildSettings = {
				ASSETCATALOG_COMPILER_APPICON_NAME = AppIcon;
				CODE_SIGN_STYLE = Automatic;
				DEVELOPMENT_TEAM = A33J354KUK;
				INFOPLIST_FILE = News/Info.plist;
				LD_RUNPATH_SEARCH_PATHS = "$(inherited) @executable_path/Frameworks";
				PRODUCT_BUNDLE_IDENTIFIER = apple.NewsLilithh;
				PRODUCT_NAME = "$(TARGET_NAME)";
				SWIFT_VERSION = 4.0;
				TARGETED_DEVICE_FAMILY = "1,2";
			};
			name = Release;
		};
		095B28EA1FCD118E0098E55F /* Debug */ = {
			isa = XCBuildConfiguration;
			buildSettings = {
				ALWAYS_EMBED_SWIFT_STANDARD_LIBRARIES = YES;
				BUNDLE_LOADER = "$(TEST_HOST)";
				CODE_SIGN_STYLE = Automatic;
				DEVELOPMENT_TEAM = A33J354KUK;
				INFOPLIST_FILE = NewsTests/Info.plist;
				LD_RUNPATH_SEARCH_PATHS = "$(inherited) @executable_path/Frameworks @loader_path/Frameworks";
				PRODUCT_BUNDLE_IDENTIFIER = apple.NewsTests;
				PRODUCT_NAME = "$(TARGET_NAME)";
				SWIFT_VERSION = 4.0;
				TARGETED_DEVICE_FAMILY = "1,2";
				TEST_HOST = "$(BUILT_PRODUCTS_DIR)/News.app/News";
			};
			name = Debug;
		};
		095B28EB1FCD118E0098E55F /* Release */ = {
			isa = XCBuildConfiguration;
			buildSettings = {
				ALWAYS_EMBED_SWIFT_STANDARD_LIBRARIES = YES;
				BUNDLE_LOADER = "$(TEST_HOST)";
				CODE_SIGN_STYLE = Automatic;
				DEVELOPMENT_TEAM = A33J354KUK;
				INFOPLIST_FILE = NewsTests/Info.plist;
				LD_RUNPATH_SEARCH_PATHS = "$(inherited) @executable_path/Frameworks @loader_path/Frameworks";
				PRODUCT_BUNDLE_IDENTIFIER = apple.NewsTests;
				PRODUCT_NAME = "$(TARGET_NAME)";
				SWIFT_VERSION = 4.0;
				TARGETED_DEVICE_FAMILY = "1,2";
				TEST_HOST = "$(BUILT_PRODUCTS_DIR)/News.app/News";
			};
			name = Release;
		};
		095B28ED1FCD118E0098E55F /* Debug */ = {
			isa = XCBuildConfiguration;
			buildSettings = {
				ALWAYS_EMBED_SWIFT_STANDARD_LIBRARIES = YES;
				CODE_SIGN_STYLE = Automatic;
				DEVELOPMENT_TEAM = A33J354KUK;
				INFOPLIST_FILE = NewsUITests/Info.plist;
				LD_RUNPATH_SEARCH_PATHS = "$(inherited) @executable_path/Frameworks @loader_path/Frameworks";
				PRODUCT_BUNDLE_IDENTIFIER = apple.NewsUITests;
				PRODUCT_NAME = "$(TARGET_NAME)";
				SWIFT_VERSION = 4.0;
				TARGETED_DEVICE_FAMILY = "1,2";
				TEST_TARGET_NAME = News;
			};
			name = Debug;
		};
		095B28EE1FCD118E0098E55F /* Release */ = {
			isa = XCBuildConfiguration;
			buildSettings = {
				ALWAYS_EMBED_SWIFT_STANDARD_LIBRARIES = YES;
				CODE_SIGN_STYLE = Automatic;
				DEVELOPMENT_TEAM = A33J354KUK;
				INFOPLIST_FILE = NewsUITests/Info.plist;
				LD_RUNPATH_SEARCH_PATHS = "$(inherited) @executable_path/Frameworks @loader_path/Frameworks";
				PRODUCT_BUNDLE_IDENTIFIER = apple.NewsUITests;
				PRODUCT_NAME = "$(TARGET_NAME)";
				SWIFT_VERSION = 4.0;
				TARGETED_DEVICE_FAMILY = "1,2";
				TEST_TARGET_NAME = News;
			};
			name = Release;
		};
/* End XCBuildConfiguration section */

/* Begin XCConfigurationList section */
		095B28B91FCD118E0098E55F /* Build configuration list for PBXProject "News" */ = {
			isa = XCConfigurationList;
			buildConfigurations = (
				095B28E41FCD118E0098E55F /* Debug */,
				095B28E51FCD118E0098E55F /* Release */,
			);
			defaultConfigurationIsVisible = 0;
			defaultConfigurationName = Release;
		};
		095B28E61FCD118E0098E55F /* Build configuration list for PBXNativeTarget "News" */ = {
			isa = XCConfigurationList;
			buildConfigurations = (
				095B28E71FCD118E0098E55F /* Debug */,
				095B28E81FCD118E0098E55F /* Release */,
			);
			defaultConfigurationIsVisible = 0;
			defaultConfigurationName = Release;
		};
		095B28E91FCD118E0098E55F /* Build configuration list for PBXNativeTarget "NewsTests" */ = {
			isa = XCConfigurationList;
			buildConfigurations = (
				095B28EA1FCD118E0098E55F /* Debug */,
				095B28EB1FCD118E0098E55F /* Release */,
			);
			defaultConfigurationIsVisible = 0;
			defaultConfigurationName = Release;
		};
		095B28EC1FCD118E0098E55F /* Build configuration list for PBXNativeTarget "NewsUITests" */ = {
			isa = XCConfigurationList;
			buildConfigurations = (
				095B28ED1FCD118E0098E55F /* Debug */,
				095B28EE1FCD118E0098E55F /* Release */,
			);
			defaultConfigurationIsVisible = 0;
			defaultConfigurationName = Release;
		};
/* End XCConfigurationList section */
	};
	rootObject = 095B28B61FCD118E0098E55F /* Project object */;
}
